
Microsoft Visual Studio Solution File, Format Version 12.00
# Visual Studio Version 16
VisualStudioVersion = 16.0.31005.135
MinimumVisualStudioVersion = 10.0.40219.1
Project("{FAE04EC0-301F-11D3-BF4B-00C04F79EFBC}") = "TestRequestXML", "TestRequestXML\TestRequestXML.csproj", "{5FBD1751-C059-4FDF-99FB-4DFF9A13C240}"
EndProject
Global
	GlobalSection(SolutionConfigurationPlatforms) = preSolution
		Debug|Any CPU = Debug|Any CPU
		Release|Any CPU = Release|Any CPU
	EndGlobalSection
	GlobalSection(ProjectConfigurationPlatforms) = postSolution
		{5FBD1751-C059-4FDF-99FB-4DFF9A13C240}.Debug|Any CPU.ActiveCfg = Debug|Any CPU
		{5FBD1751-C059-4FDF-99FB-4DFF9A13C240}.Debug|Any CPU.Build.0 = Debug|Any CPU
		{5FBD1751-C059-4FDF-99FB-4DFF9A13C240}.Release|Any CPU.ActiveCfg = Release|Any CPU
		{5FBD1751-C059-4FDF-99FB-4DFF9A13C240}.Release|Any CPU.Build.0 = Release|Any CPU
	EndGlobalSection
	GlobalSection(SolutionProperties) = preSolution
		HideSolutionNode = FALSE
	EndGlobalSection
	GlobalSection(ExtensibilityGlobals) = postSolution
		SolutionGuid = {F36B50EA-D237-4EAE-9675-6C0815F6991F}
	EndGlobalSection
EndGlobal
