
Microsoft Visual Studio Solution File, Format Version 12.00
# Visual Studio Version 16
VisualStudioVersion = 16.0.31005.135
MinimumVisualStudioVersion = 10.0.40219.1
Project("{FAE04EC0-301F-11D3-BF4B-00C04F79EFBC}") = "LW3", "LW3\LW3.csproj", "{DA3380F1-6CAC-4E94-B9B6-117C6C6B23AA}"
EndProject
Project("{FAE04EC0-301F-11D3-BF4B-00C04F79EFBC}") = "LW4", "LW4\LW4.csproj", "{76BEA806-5926-4CFF-B30B-80538AAABBC2}"
EndProject
Project("{FAE04EC0-301F-11D3-BF4B-00C04F79EFBC}") = "TelephoneDictionary", "TelephoneDictionary\TelephoneDictionary.csproj", "{61BE52B6-29F4-474C-8423-DBB5F0886C4D}"
EndProject
Project("{FAE04EC0-301F-11D3-BF4B-00C04F79EFBC}") = "JSON_Context", "JSON_Context\JSON_Context.csproj", "{8C67BA91-D169-4EEC-BC3D-FE082E168C8D}"
EndProject
Project("{FAE04EC0-301F-11D3-BF4B-00C04F79EFBC}") = "SQL_Context", "SQL_Context\SQL_Context.csproj", "{81FE3E4C-6883-49F7-A600-A9DCAA888633}"
EndProject
Global
	GlobalSection(SolutionConfigurationPlatforms) = preSolution
		Debug|Any CPU = Debug|Any CPU
		Release|Any CPU = Release|Any CPU
	EndGlobalSection
	GlobalSection(ProjectConfigurationPlatforms) = postSolution
		{DA3380F1-6CAC-4E94-B9B6-117C6C6B23AA}.Debug|Any CPU.ActiveCfg = Debug|Any CPU
		{DA3380F1-6CAC-4E94-B9B6-117C6C6B23AA}.Debug|Any CPU.Build.0 = Debug|Any CPU
		{DA3380F1-6CAC-4E94-B9B6-117C6C6B23AA}.Release|Any CPU.ActiveCfg = Release|Any CPU
		{DA3380F1-6CAC-4E94-B9B6-117C6C6B23AA}.Release|Any CPU.Build.0 = Release|Any CPU
		{76BEA806-5926-4CFF-B30B-80538AAABBC2}.Debug|Any CPU.ActiveCfg = Debug|Any CPU
		{76BEA806-5926-4CFF-B30B-80538AAABBC2}.Debug|Any CPU.Build.0 = Debug|Any CPU
		{76BEA806-5926-4CFF-B30B-80538AAABBC2}.Release|Any CPU.ActiveCfg = Release|Any CPU
		{76BEA806-5926-4CFF-B30B-80538AAABBC2}.Release|Any CPU.Build.0 = Release|Any CPU
		{61BE52B6-29F4-474C-8423-DBB5F0886C4D}.Debug|Any CPU.ActiveCfg = Debug|Any CPU
		{61BE52B6-29F4-474C-8423-DBB5F0886C4D}.Debug|Any CPU.Build.0 = Debug|Any CPU
		{61BE52B6-29F4-474C-8423-DBB5F0886C4D}.Release|Any CPU.ActiveCfg = Release|Any CPU
		{61BE52B6-29F4-474C-8423-DBB5F0886C4D}.Release|Any CPU.Build.0 = Release|Any CPU
		{8C67BA91-D169-4EEC-BC3D-FE082E168C8D}.Debug|Any CPU.ActiveCfg = Debug|Any CPU
		{8C67BA91-D169-4EEC-BC3D-FE082E168C8D}.Debug|Any CPU.Build.0 = Debug|Any CPU
		{8C67BA91-D169-4EEC-BC3D-FE082E168C8D}.Release|Any CPU.ActiveCfg = Release|Any CPU
		{8C67BA91-D169-4EEC-BC3D-FE082E168C8D}.Release|Any CPU.Build.0 = Release|Any CPU
		{81FE3E4C-6883-49F7-A600-A9DCAA888633}.Debug|Any CPU.ActiveCfg = Debug|Any CPU
		{81FE3E4C-6883-49F7-A600-A9DCAA888633}.Debug|Any CPU.Build.0 = Debug|Any CPU
		{81FE3E4C-6883-49F7-A600-A9DCAA888633}.Release|Any CPU.ActiveCfg = Release|Any CPU
		{81FE3E4C-6883-49F7-A600-A9DCAA888633}.Release|Any CPU.Build.0 = Release|Any CPU
	EndGlobalSection
	GlobalSection(SolutionProperties) = preSolution
		HideSolutionNode = FALSE
	EndGlobalSection
	GlobalSection(ExtensibilityGlobals) = postSolution
		SolutionGuid = {0AE1908E-D5EE-465B-AA0A-4E6B5BE8EAE3}
	EndGlobalSection
EndGlobal
