
Microsoft Visual Studio Solution File, Format Version 12.00
# Visual Studio Version 16
VisualStudioVersion = 16.0.31005.135
MinimumVisualStudioVersion = 10.0.40219.1
Project("{FAE04EC0-301F-11D3-BF4B-00C04F79EFBC}") = "LW4", "LW4\LW4.csproj", "{76BEA806-5926-4CFF-B30B-80538AAABBC2}"
EndProject
Global
	GlobalSection(SolutionConfigurationPlatforms) = preSolution
		Debug|Any CPU = Debug|Any CPU
		Release|Any CPU = Release|Any CPU
	EndGlobalSection
	GlobalSection(ProjectConfigurationPlatforms) = postSolution
		{76BEA806-5926-4CFF-B30B-80538AAABBC2}.Debug|Any CPU.ActiveCfg = Debug|Any CPU
		{76BEA806-5926-4CFF-B30B-80538AAABBC2}.Debug|Any CPU.Build.0 = Debug|Any CPU
		{76BEA806-5926-4CFF-B30B-80538AAABBC2}.Release|Any CPU.ActiveCfg = Release|Any CPU
		{76BEA806-5926-4CFF-B30B-80538AAABBC2}.Release|Any CPU.Build.0 = Release|Any CPU
	EndGlobalSection
	GlobalSection(SolutionProperties) = preSolution
		HideSolutionNode = FALSE
	EndGlobalSection
	GlobalSection(ExtensibilityGlobals) = postSolution
		SolutionGuid = {B1DFB670-C60B-4367-8CD7-A5A2048BDF03}
	EndGlobalSection
EndGlobal
