
Microsoft Visual Studio Solution File, Format Version 12.00
# Visual Studio Version 16
VisualStudioVersion = 16.0.31005.135
MinimumVisualStudioVersion = 10.0.40219.1
Project("{FAE04EC0-301F-11D3-BF4B-00C04F79EFBC}") = "LW1b", "LW1b\LW1b.csproj", "{91E496DA-9BCC-4FBA-9CE7-2CB3DE62944A}"
EndProject
Global
	GlobalSection(SolutionConfigurationPlatforms) = preSolution
		Debug|Any CPU = Debug|Any CPU
		Release|Any CPU = Release|Any CPU
	EndGlobalSection
	GlobalSection(ProjectConfigurationPlatforms) = postSolution
		{91E496DA-9BCC-4FBA-9CE7-2CB3DE62944A}.Debug|Any CPU.ActiveCfg = Debug|Any CPU
		{91E496DA-9BCC-4FBA-9CE7-2CB3DE62944A}.Debug|Any CPU.Build.0 = Debug|Any CPU
		{91E496DA-9BCC-4FBA-9CE7-2CB3DE62944A}.Release|Any CPU.ActiveCfg = Release|Any CPU
		{91E496DA-9BCC-4FBA-9CE7-2CB3DE62944A}.Release|Any CPU.Build.0 = Release|Any CPU
	EndGlobalSection
	GlobalSection(SolutionProperties) = preSolution
		HideSolutionNode = FALSE
	EndGlobalSection
	GlobalSection(ExtensibilityGlobals) = postSolution
		SolutionGuid = {5A82A807-E6B5-4782-887C-EFBD6DB13AD3}
	EndGlobalSection
EndGlobal
