
Microsoft Visual Studio Solution File, Format Version 12.00
# Visual Studio Version 16
VisualStudioVersion = 16.0.31005.135
MinimumVisualStudioVersion = 10.0.40219.1
Project("{FAE04EC0-301F-11D3-BF4B-00C04F79EFBC}") = "LW5a", "LW5a\LW5a.csproj", "{4CADF806-4669-400D-903F-254124257B0D}"
EndProject
Global
	GlobalSection(SolutionConfigurationPlatforms) = preSolution
		Debug|Any CPU = Debug|Any CPU
		Release|Any CPU = Release|Any CPU
	EndGlobalSection
	GlobalSection(ProjectConfigurationPlatforms) = postSolution
		{4CADF806-4669-400D-903F-254124257B0D}.Debug|Any CPU.ActiveCfg = Debug|Any CPU
		{4CADF806-4669-400D-903F-254124257B0D}.Debug|Any CPU.Build.0 = Debug|Any CPU
		{4CADF806-4669-400D-903F-254124257B0D}.Release|Any CPU.ActiveCfg = Release|Any CPU
		{4CADF806-4669-400D-903F-254124257B0D}.Release|Any CPU.Build.0 = Release|Any CPU
	EndGlobalSection
	GlobalSection(SolutionProperties) = preSolution
		HideSolutionNode = FALSE
	EndGlobalSection
	GlobalSection(ExtensibilityGlobals) = postSolution
		SolutionGuid = {A2E6876D-F59B-4AC4-AFEB-790EEC8F8B07}
	EndGlobalSection
EndGlobal
